<?xml version="1.0" encoding="utf-8"?>
<Project ToolsVersion="4.0" xmlns="http://schemas.microsoft.com/developer/msbuild/2003">
  <ItemGroup>
    <Filter Include="Source Files">
      <UniqueIdentifier>{4FC737F1-C7A5-4376-A066-2A32D752A2FF}</UniqueIdentifier>
      <Extensions>cpp;cxx;c;def</Extensions>
    </Filter>
    <Filter Include="Header Files">
      <UniqueIdentifier>{93995380-89BD-4b04-88EB-625FBE52EBFB}</UniqueIdentifier>
      <Extensions>h</Extensions>
    </Filter>
    <Filter Include="Form Files">
      <UniqueIdentifier>{99349809-55BA-4b9d-BF79-8FDBB0286EB3}</UniqueIdentifier>
      <Extensions>ui</Extensions>
    </Filter>
    <Filter Include="Resource Files">
      <UniqueIdentifier>{D9D6E242-F8AF-46E4-B9FD-80ECBC20BA3E}</UniqueIdentifier>
      <Extensions>qrc;*</Extensions>
      <ParseFiles>false</ParseFiles>
    </Filter>
    <Filter Include="Generated Files">
      <UniqueIdentifier>{71ED8ED8-ACB9-4CE9-BBE1-E00B30144E11}</UniqueIdentifier>
      <Extensions>moc;h;cpp</Extensions>
      <SourceControlFiles>False</SourceControlFiles>
    </Filter>
    <Filter Include="Generated Files\Debug">
      <UniqueIdentifier>{c502b5d6-f258-4651-853a-6eba92466f4a}</UniqueIdentifier>
      <Extensions>cpp;moc</Extensions>
      <SourceControlFiles>False</SourceControlFiles>
    </Filter>
    <Filter Include="Generated Files\Release">
      <UniqueIdentifier>{1b4c7c20-b2f3-4a52-8524-aa2c5dae807a}</UniqueIdentifier>
      <Extensions>cpp;moc</Extensions>
      <SourceControlFiles>False</SourceControlFiles>
    </Filter>
    <Filter Include="Header Files\define">
      <UniqueIdentifier>{8f300de0-9736-4af4-8130-22eb5e0aa889}</UniqueIdentifier>
    </Filter>
    <Filter Include="Source Files\背包及仓库">
      <UniqueIdentifier>{2276cfec-78a0-4b5f-98cb-d0e20ce61f0c}</UniqueIdentifier>
    </Filter>
    <Filter Include="Source Files\登陆及创建角色">
      <UniqueIdentifier>{902e0cc5-fc5f-4fbb-905d-c87538c71ccc}</UniqueIdentifier>
    </Filter>
    <Filter Include="Source Files\NPC">
      <UniqueIdentifier>{49a0d212-05b1-489d-ba7a-784fd782dce5}</UniqueIdentifier>
    </Filter>
  </ItemGroup>
  <ItemGroup>
    <ClCompile Include="main.cpp">
      <Filter>Source Files</Filter>
    </ClCompile>
    <ClCompile Include="mirror.cpp">
      <Filter>Source Files</Filter>
    </ClCompile>
    <ClCompile Include="GeneratedFiles\Debug\moc_mirror.cpp">
      <Filter>Generated Files\Debug</Filter>
    </ClCompile>
    <ClCompile Include="GeneratedFiles\Release\moc_mirror.cpp">
      <Filter>Generated Files\Release</Filter>
    </ClCompile>
    <ClCompile Include="GeneratedFiles\qrc_mirror.cpp">
      <Filter>Generated Files</Filter>
    </ClCompile>
    <ClCompile Include="role.cpp">
      <Filter>Source Files</Filter>
    </ClCompile>
    <ClCompile Include="GeneratedFiles\Debug\moc_role.cpp">
      <Filter>Generated Files\Debug</Filter>
    </ClCompile>
    <ClCompile Include="GeneratedFiles\Release\moc_role.cpp">
      <Filter>Generated Files\Release</Filter>
    </ClCompile>
    <ClCompile Include="fight.cpp">
      <Filter>Source Files</Filter>
    </ClCompile>
    <ClCompile Include="GeneratedFiles\Debug\moc_fight.cpp">
      <Filter>Generated Files\Debug</Filter>
    </ClCompile>
    <ClCompile Include="GeneratedFiles\Release\moc_fight.cpp">
      <Filter>Generated Files\Release</Filter>
    </ClCompile>
    <ClCompile Include="city.cpp">
      <Filter>Source Files</Filter>
    </ClCompile>
    <ClCompile Include="GeneratedFiles\Debug\moc_city.cpp">
      <Filter>Generated Files\Debug</Filter>
    </ClCompile>
    <ClCompile Include="GeneratedFiles\Release\moc_city.cpp">
      <Filter>Generated Files\Release</Filter>
    </ClCompile>
    <ClCompile Include="fight_map.cpp">
      <Filter>Source Files</Filter>
    </ClCompile>
    <ClCompile Include="GeneratedFiles\Debug\moc_fight_map.cpp">
      <Filter>Generated Files\Debug</Filter>
    </ClCompile>
    <ClCompile Include="GeneratedFiles\Release\moc_fight_map.cpp">
      <Filter>Generated Files\Release</Filter>
    </ClCompile>
    <ClCompile Include="fight_fight.cpp">
      <Filter>Source Files</Filter>
    </ClCompile>
    <ClCompile Include="GeneratedFiles\Debug\moc_fight_fight.cpp">
      <Filter>Generated Files\Debug</Filter>
    </ClCompile>
    <ClCompile Include="GeneratedFiles\Release\moc_fight_fight.cpp">
      <Filter>Generated Files\Release</Filter>
    </ClCompile>
    <ClCompile Include="dlg_count.cpp">
      <Filter>Source Files</Filter>
    </ClCompile>
    <ClCompile Include="GeneratedFiles\Debug\moc_dlg_count.cpp">
      <Filter>Generated Files\Debug</Filter>
    </ClCompile>
    <ClCompile Include="GeneratedFiles\Release\moc_dlg_count.cpp">
      <Filter>Generated Files\Release</Filter>
    </ClCompile>
    <ClCompile Include="GeneratedFiles\Debug\moc_login_create.cpp">
      <Filter>Generated Files\Debug</Filter>
    </ClCompile>
    <ClCompile Include="GeneratedFiles\Release\moc_login_create.cpp">
      <Filter>Generated Files\Release</Filter>
    </ClCompile>
    <ClCompile Include="GeneratedFiles\Debug\moc_dlg_detail.cpp">
      <Filter>Generated Files\Debug</Filter>
    </ClCompile>
    <ClCompile Include="GeneratedFiles\Release\moc_dlg_detail.cpp">
      <Filter>Generated Files\Release</Filter>
    </ClCompile>
    <ClCompile Include="dlg_detail.cpp">
      <Filter>Source Files</Filter>
    </ClCompile>
    <ClCompile Include="GeneratedFiles\Debug\moc_Item_Base.cpp">
      <Filter>Generated Files\Debug</Filter>
    </ClCompile>
    <ClCompile Include="GeneratedFiles\Release\moc_Item_Base.cpp">
      <Filter>Generated Files\Release</Filter>
    </ClCompile>
    <ClCompile Include="GeneratedFiles\Debug\moc_item_itembag.cpp">
      <Filter>Generated Files\Debug</Filter>
    </ClCompile>
    <ClCompile Include="GeneratedFiles\Release\moc_item_itembag.cpp">
      <Filter>Generated Files\Release</Filter>
    </ClCompile>
    <ClCompile Include="GeneratedFiles\Debug\moc_item_equipbag.cpp">
      <Filter>Generated Files\Debug</Filter>
    </ClCompile>
    <ClCompile Include="GeneratedFiles\Release\moc_item_equipbag.cpp">
      <Filter>Generated Files\Release</Filter>
    </ClCompile>
    <ClCompile Include="GeneratedFiles\Debug\moc_item_equipstorage.cpp">
      <Filter>Generated Files\Debug</Filter>
    </ClCompile>
    <ClCompile Include="GeneratedFiles\Release\moc_item_equipstorage.cpp">
      <Filter>Generated Files\Release</Filter>
    </ClCompile>
    <ClCompile Include="GeneratedFiles\Debug\moc_city_shop.cpp">
      <Filter>Generated Files\Debug</Filter>
    </ClCompile>
    <ClCompile Include="GeneratedFiles\Release\moc_city_shop.cpp">
      <Filter>Generated Files\Release</Filter>
    </ClCompile>
    <ClCompile Include="GeneratedFiles\Debug\moc_city_smithy.cpp">
      <Filter>Generated Files\Debug</Filter>
    </ClCompile>
    <ClCompile Include="GeneratedFiles\Release\moc_city_smithy.cpp">
      <Filter>Generated Files\Release</Filter>
    </ClCompile>
    <ClCompile Include="fight_info.cpp">
      <Filter>Source Files</Filter>
    </ClCompile>
    <ClCompile Include="GeneratedFiles\Debug\moc_fight_info.cpp">
      <Filter>Generated Files\Debug</Filter>
    </ClCompile>
    <ClCompile Include="GeneratedFiles\Release\moc_fight_info.cpp">
      <Filter>Generated Files\Release</Filter>
    </ClCompile>
    <ClCompile Include="role_skill.cpp">
      <Filter>Source Files</Filter>
    </ClCompile>
    <ClCompile Include="GeneratedFiles\Debug\moc_role_skill.cpp">
      <Filter>Generated Files\Debug</Filter>
    </ClCompile>
    <ClCompile Include="GeneratedFiles\Release\moc_role_skill.cpp">
      <Filter>Generated Files\Release</Filter>
    </ClCompile>
    <ClCompile Include="about.cpp">
      <Filter>Source Files</Filter>
    </ClCompile>
    <ClCompile Include="GeneratedFiles\Debug\moc_about.cpp">
      <Filter>Generated Files\Debug</Filter>
    </ClCompile>
    <ClCompile Include="GeneratedFiles\Release\moc_about.cpp">
      <Filter>Generated Files\Release</Filter>
    </ClCompile>
    <ClCompile Include="mirrorlog.cpp">
      <Filter>Source Files</Filter>
    </ClCompile>
    <ClCompile Include="error.cpp">
      <Filter>Source Files</Filter>
    </ClCompile>
    <ClCompile Include="task.cpp">
      <Filter>Source Files</Filter>
    </ClCompile>
    <ClCompile Include="GeneratedFiles\Debug\moc_task.cpp">
      <Filter>Generated Files\Debug</Filter>
    </ClCompile>
    <ClCompile Include="GeneratedFiles\Release\moc_task.cpp">
      <Filter>Generated Files\Release</Filter>
    </ClCompile>
    <ClCompile Include="cryptography.cpp">
      <Filter>Source Files</Filter>
    </ClCompile>
    <ClCompile Include="GeneratedFiles\Debug\moc_cryptography.cpp">
      <Filter>Generated Files\Debug</Filter>
    </ClCompile>
    <ClCompile Include="GeneratedFiles\Release\moc_cryptography.cpp">
      <Filter>Generated Files\Release</Filter>
    </ClCompile>
    <ClCompile Include="GeneratedFiles\Debug\moc_login_main.cpp">
      <Filter>Generated Files\Debug</Filter>
    </ClCompile>
    <ClCompile Include="GeneratedFiles\Release\moc_login_main.cpp">
      <Filter>Generated Files\Release</Filter>
    </ClCompile>
    <ClCompile Include="Item_Base.cpp">
      <Filter>Source Files\背包及仓库</Filter>
    </ClCompile>
    <ClCompile Include="item_equipbag.cpp">
      <Filter>Source Files\背包及仓库</Filter>
    </ClCompile>
    <ClCompile Include="item_equipstorage.cpp">
      <Filter>Source Files\背包及仓库</Filter>
    </ClCompile>
    <ClCompile Include="item_itembag.cpp">
      <Filter>Source Files\背包及仓库</Filter>
    </ClCompile>
    <ClCompile Include="login_create.cpp">
      <Filter>Source Files\登陆及创建角色</Filter>
    </ClCompile>
    <ClCompile Include="login_main.cpp">
      <Filter>Source Files\登陆及创建角色</Filter>
    </ClCompile>
    <ClCompile Include="city_shop.cpp">
      <Filter>Source Files\NPC</Filter>
    </ClCompile>
    <ClCompile Include="city_smithy.cpp">
      <Filter>Source Files\NPC</Filter>
    </ClCompile>
    <ClCompile Include="GeneratedFiles\Debug\moc_city_mercenaries.cpp">
      <Filter>Generated Files\Debug</Filter>
    </ClCompile>
    <ClCompile Include="GeneratedFiles\Release\moc_city_mercenaries.cpp">
      <Filter>Generated Files\Release</Filter>
    </ClCompile>
    <ClCompile Include="city_mercenaries.cpp">
      <Filter>Source Files\NPC</Filter>
    </ClCompile>
    <ClCompile Include="GeneratedFiles\Debug\moc_city_liandan.cpp">
      <Filter>Generated Files\Debug</Filter>
    </ClCompile>
    <ClCompile Include="GeneratedFiles\Release\moc_city_liandan.cpp">
      <Filter>Generated Files\Release</Filter>
    </ClCompile>
    <ClCompile Include="city_liandan.cpp">
      <Filter>Source Files\NPC</Filter>
    </ClCompile>
    <ClCompile Include="def_skill.cpp">
      <Filter>Header Files\define</Filter>
    </ClCompile>
    <ClCompile Include="Organisms.cpp">
      <Filter>Source Files</Filter>
    </ClCompile>
    <ClCompile Include="Player.cpp">
      <Filter>Source Files</Filter>
    </ClCompile>
    <ClCompile Include="Monster.cpp">
      <Filter>Source Files</Filter>
    </ClCompile>
    <ClCompile Include="Pet.cpp">
      <Filter>Source Files</Filter>
    </ClCompile>
  </ItemGroup>
  <ItemGroup>
    <CustomBuild Include="mirror.h">
      <Filter>Header Files</Filter>
    </CustomBuild>
    <CustomBuild Include="mirror.ui">
      <Filter>Form Files</Filter>
    </CustomBuild>
    <CustomBuild Include="mirror.qrc">
      <Filter>Resource Files</Filter>
    </CustomBuild>
    <CustomBuild Include="role.h">
      <Filter>Header Files</Filter>
    </CustomBuild>
    <CustomBuild Include="role.ui">
      <Filter>Form Files</Filter>
    </CustomBuild>
    <CustomBuild Include="fight.h">
      <Filter>Header Files</Filter>
    </CustomBuild>
    <CustomBuild Include="fight.ui">
      <Filter>Form Files</Filter>
    </CustomBuild>
    <CustomBuild Include="city.h">
      <Filter>Header Files</Filter>
    </CustomBuild>
    <CustomBuild Include="city.ui">
      <Filter>Form Files</Filter>
    </CustomBuild>
    <CustomBuild Include="fight_map.h">
      <Filter>Header Files</Filter>
    </CustomBuild>
    <CustomBuild Include="fight_map.ui">
      <Filter>Form Files</Filter>
    </CustomBuild>
    <CustomBuild Include="fight_fight.h">
      <Filter>Header Files</Filter>
    </CustomBuild>
    <CustomBuild Include="fight_fight.ui">
      <Filter>Form Files</Filter>
    </CustomBuild>
    <CustomBuild Include="city_smithy.ui">
      <Filter>Form Files</Filter>
    </CustomBuild>
    <CustomBuild Include="city_drugs.ui">
      <Filter>Form Files</Filter>
    </CustomBuild>
    <CustomBuild Include="dlg_count.h">
      <Filter>Header Files</Filter>
    </CustomBuild>
    <CustomBuild Include="dlg_count.ui">
      <Filter>Form Files</Filter>
    </CustomBuild>
    <CustomBuild Include="login_create.h">
      <Filter>Header Files</Filter>
    </CustomBuild>
    <CustomBuild Include="login_create.ui">
      <Filter>Form Files</Filter>
    </CustomBuild>
    <CustomBuild Include="dlg_detail.h">
      <Filter>Header Files</Filter>
    </CustomBuild>
    <CustomBuild Include="dlg_detail.ui">
      <Filter>Form Files</Filter>
    </CustomBuild>
    <CustomBuild Include="Item_Base.h">
      <Filter>Header Files</Filter>
    </CustomBuild>
    <CustomBuild Include="item_base.ui">
      <Filter>Form Files</Filter>
    </CustomBuild>
    <CustomBuild Include="item_itembag.h">
      <Filter>Header Files</Filter>
    </CustomBuild>
    <CustomBuild Include="item_equipbag.h">
      <Filter>Header Files</Filter>
    </CustomBuild>
    <CustomBuild Include="item_equipstorage.h">
      <Filter>Header Files</Filter>
    </CustomBuild>
    <CustomBuild Include="city_shop.h">
      <Filter>Header Files</Filter>
    </CustomBuild>
    <CustomBuild Include="city_smithy.h">
      <Filter>Header Files</Filter>
    </CustomBuild>
    <CustomBuild Include="fight_info.h">
      <Filter>Header Files</Filter>
    </CustomBuild>
    <CustomBuild Include="fight_info.ui">
      <Filter>Form Files</Filter>
    </CustomBuild>
    <CustomBuild Include="role_skill.h">
      <Filter>Header Files</Filter>
    </CustomBuild>
    <CustomBuild Include="role_skill.ui">
      <Filter>Form Files</Filter>
    </CustomBuild>
    <CustomBuild Include="about.h">
      <Filter>Header Files</Filter>
    </CustomBuild>
    <CustomBuild Include="about.ui">
      <Filter>Form Files</Filter>
    </CustomBuild>
    <CustomBuild Include="task.h">
      <Filter>Header Files</Filter>
    </CustomBuild>
    <CustomBuild Include="task.ui">
      <Filter>Form Files</Filter>
    </CustomBuild>
    <CustomBuild Include="cryptography.h">
      <Filter>Header Files</Filter>
    </CustomBuild>
    <CustomBuild Include="login_main.h">
      <Filter>Header Files</Filter>
    </CustomBuild>
    <CustomBuild Include="login_main.ui">
      <Filter>Form Files</Filter>
    </CustomBuild>
    <CustomBuild Include="city_mercenaries.h">
      <Filter>Header Files</Filter>
    </CustomBuild>
    <CustomBuild Include="city_mercenaries.ui">
      <Filter>Form Files</Filter>
    </CustomBuild>
    <CustomBuild Include="city_liandan.h">
      <Filter>Header Files</Filter>
    </CustomBuild>
    <CustomBuild Include="city_liandan.ui">
      <Filter>Form Files</Filter>
    </CustomBuild>
  </ItemGroup>
  <ItemGroup>
    <ClInclude Include="GeneratedFiles\ui_mirror.h">
      <Filter>Generated Files</Filter>
    </ClInclude>
    <ClInclude Include="GeneratedFiles\ui_role.h">
      <Filter>Generated Files</Filter>
    </ClInclude>
    <ClInclude Include="GeneratedFiles\ui_fight.h">
      <Filter>Generated Files</Filter>
    </ClInclude>
    <ClInclude Include="GeneratedFiles\ui_city.h">
      <Filter>Generated Files</Filter>
    </ClInclude>
    <ClInclude Include="GeneratedFiles\ui_fight_map.h">
      <Filter>Generated Files</Filter>
    </ClInclude>
    <ClInclude Include="GeneratedFiles\ui_fight_fight.h">
      <Filter>Generated Files</Filter>
    </ClInclude>
    <ClInclude Include="resource.h">
      <Filter>Header Files</Filter>
    </ClInclude>
    <ClInclude Include="GeneratedFiles\ui_city_smithy.h">
      <Filter>Generated Files</Filter>
    </ClInclude>
    <ClInclude Include="GeneratedFiles\ui_city_drugs.h">
      <Filter>Generated Files</Filter>
    </ClInclude>
    <ClInclude Include="GeneratedFiles\ui_dlg_count.h">
      <Filter>Generated Files</Filter>
    </ClInclude>
    <ClInclude Include="GeneratedFiles\ui_login_create.h">
      <Filter>Generated Files</Filter>
    </ClInclude>
    <ClInclude Include="def_item_equip.h">
      <Filter>Header Files\define</Filter>
    </ClInclude>
    <ClInclude Include="ItemDefine.h">
      <Filter>Header Files\define</Filter>
    </ClInclude>
    <ClInclude Include="MonsterDefine.h">
      <Filter>Header Files\define</Filter>
    </ClInclude>
    <ClInclude Include="MapDefine.h">
      <Filter>Header Files\define</Filter>
    </ClInclude>
    <ClInclude Include="RoleDefine.h">
      <Filter>Header Files\define</Filter>
    </ClInclude>
    <ClInclude Include="GeneratedFiles\ui_dlg_detail.h">
      <Filter>Generated Files</Filter>
    </ClInclude>
    <ClInclude Include="GeneratedFiles\ui_item_base.h">
      <Filter>Generated Files</Filter>
    </ClInclude>
    <ClInclude Include="def_DataType.h">
      <Filter>Header Files\define</Filter>
    </ClInclude>
    <ClInclude Include="GeneratedFiles\ui_fight_info.h">
      <Filter>Generated Files</Filter>
    </ClInclude>
    <ClInclude Include="GeneratedFiles\ui_role_skill.h">
      <Filter>Generated Files</Filter>
    </ClInclude>
    <ClInclude Include="def_System_para.h">
      <Filter>Header Files\define</Filter>
    </ClInclude>
    <ClInclude Include="def_takInfo.h">
      <Filter>Header Files\define</Filter>
    </ClInclude>
    <ClInclude Include="GeneratedFiles\ui_about.h">
      <Filter>Generated Files</Filter>
    </ClInclude>
    <ClInclude Include="mirrorlog.h">
      <Filter>Header Files</Filter>
    </ClInclude>
    <ClInclude Include="error.h">
      <Filter>Header Files</Filter>
    </ClInclude>
    <ClInclude Include="GeneratedFiles\ui_task.h">
      <Filter>Generated Files</Filter>
    </ClInclude>
    <ClInclude Include="GeneratedFiles\ui_login_main.h">
      <Filter>Generated Files</Filter>
    </ClInclude>
    <ClInclude Include="GeneratedFiles\ui_city_mercenaries.h">
      <Filter>Generated Files</Filter>
    </ClInclude>
    <ClInclude Include="MirrorVersion.h">
      <Filter>Header Files\define</Filter>
    </ClInclude>
    <ClInclude Include="GeneratedFiles\ui_city_liandan.h">
      <Filter>Generated Files</Filter>
    </ClInclude>
    <ClInclude Include="CommonComponents.h">
      <Filter>Header Files</Filter>
    </ClInclude>
    <ClInclude Include="def_skill.h">
      <Filter>Header Files\define</Filter>
    </ClInclude>
    <ClInclude Include="Organisms.h">
      <Filter>Header Files</Filter>
    </ClInclude>
    <ClInclude Include="Player.h">
      <Filter>Header Files</Filter>
    </ClInclude>
    <ClInclude Include="Monster.h">
      <Filter>Header Files</Filter>
    </ClInclude>
    <ClInclude Include="Pet.h">
      <Filter>Header Files</Filter>
    </ClInclude>
  </ItemGroup>
  <ItemGroup>
    <Image Include="Resources\mainIcon.ico">
      <Filter>Resource Files</Filter>
    </Image>
  </ItemGroup>
  <ItemGroup>
    <ResourceCompile Include="mirror.rc">
      <Filter>Resource Files</Filter>
    </ResourceCompile>
  </ItemGroup>
</Project>